// !$*UTF8*$!
{
	archiveVersion = 1;
	classes = {
	};
	objectVersion = 50;
	objects = {

/* Begin PBXBuildFile section */
		0B062C1122BAAD2300F0BC3B /* CategoriesTableViewCell.swift in Sources */ = {isa = PBXBuildFile; fileRef = 0B062C0F22BAAD2300F0BC3B /* CategoriesTableViewCell.swift */; };
		0B062C1222BAAD2300F0BC3B /* CategoriesTableViewCell.xib in Resources */ = {isa = PBXBuildFile; fileRef = 0B062C1022BAAD2300F0BC3B /* CategoriesTableViewCell.xib */; };
		0B062C1422BAAEED00F0BC3B /* CategoriesTableViewController.swift in Sources */ = {isa = PBXBuildFile; fileRef = 0B062C1322BAAEED00F0BC3B /* CategoriesTableViewController.swift */; };
		0B062C1622BBD86E00F0BC3B /* BrandsCollectionViewCell.swift in Sources */ = {isa = PBXBuildFile; fileRef = 0B062C1522BBD86E00F0BC3B /* BrandsCollectionViewCell.swift */; };
		0B06AEE622B934D7007F97FF /* SignInViewController.swift in Sources */ = {isa = PBXBuildFile; fileRef = 0B06AEE522B934D7007F97FF /* SignInViewController.swift */; };
		0B06AEE822B96A43007F97FF /* HomeViewController.swift in Sources */ = {isa = PBXBuildFile; fileRef = 0B06AEE722B96A43007F97FF /* HomeViewController.swift */; };
		0B0A4E0722E92C8000C9D876 /* ChangePasswordViewController.swift in Sources */ = {isa = PBXBuildFile; fileRef = 0B0A4E0622E92C8000C9D876 /* ChangePasswordViewController.swift */; };
		0B21FB8522B2963300AD2A74 /* AppDelegate.swift in Sources */ = {isa = PBXBuildFile; fileRef = 0B21FB8422B2963300AD2A74 /* AppDelegate.swift */; };
		0B21FB8722B2963300AD2A74 /* ViewController.swift in Sources */ = {isa = PBXBuildFile; fileRef = 0B21FB8622B2963300AD2A74 /* ViewController.swift */; };
		0B21FB8A22B2963300AD2A74 /* Main.storyboard in Resources */ = {isa = PBXBuildFile; fileRef = 0B21FB8822B2963300AD2A74 /* Main.storyboard */; };
		0B21FB9222B2963600AD2A74 /* LaunchScreen.storyboard in Resources */ = {isa = PBXBuildFile; fileRef = 0B21FB9022B2963600AD2A74 /* LaunchScreen.storyboard */; };
		0B331D1F22CBCAB30041CA1F /* BrandsViewController.swift in Sources */ = {isa = PBXBuildFile; fileRef = 0B331D1E22CBCAB30041CA1F /* BrandsViewController.swift */; };
		0B39A4BB22DF6F6A00102A72 /* ThirdProductTableViewCell.swift in Sources */ = {isa = PBXBuildFile; fileRef = 0B39A4B922DF6F6A00102A72 /* ThirdProductTableViewCell.swift */; };
		0B39A4BC22DF6F6A00102A72 /* ThirdProductTableViewCell.xib in Resources */ = {isa = PBXBuildFile; fileRef = 0B39A4BA22DF6F6A00102A72 /* ThirdProductTableViewCell.xib */; };
		0B39A4BF22DF7E5800102A72 /* FourthTableViewCell.swift in Sources */ = {isa = PBXBuildFile; fileRef = 0B39A4BD22DF7E5800102A72 /* FourthTableViewCell.swift */; };
		0B39A4C022DF7E5800102A72 /* FourthTableViewCell.xib in Resources */ = {isa = PBXBuildFile; fileRef = 0B39A4BE22DF7E5800102A72 /* FourthTableViewCell.xib */; };
		0B42C1BF22EF4DD400F4987D /* MywishlistTableViewCell.swift in Sources */ = {isa = PBXBuildFile; fileRef = 0B42C1BD22EF4DD400F4987D /* MywishlistTableViewCell.swift */; };
		0B42C1C022EF4DD400F4987D /* MywishlistTableViewCell.xib in Resources */ = {isa = PBXBuildFile; fileRef = 0B42C1BE22EF4DD400F4987D /* MywishlistTableViewCell.xib */; };
		0B42C1C222EF582300F4987D /* MywishlistViewController.swift in Sources */ = {isa = PBXBuildFile; fileRef = 0B42C1C122EF582300F4987D /* MywishlistViewController.swift */; };
		0B42C1C422EF660A00F4987D /* WishListManager.swift in Sources */ = {isa = PBXBuildFile; fileRef = 0B42C1C322EF660A00F4987D /* WishListManager.swift */; };
		0B6F597222B7FE0C001D40BA /* LandingViewController.swift in Sources */ = {isa = PBXBuildFile; fileRef = 0B6F597122B7FE0C001D40BA /* LandingViewController.swift */; };
		0B84CF9822D2499D00542342 /* BrandsTableViewCell.swift in Sources */ = {isa = PBXBuildFile; fileRef = 0B84CF9622D2499D00542342 /* BrandsTableViewCell.swift */; };
		0B84CF9922D2499D00542342 /* BrandsTableViewCell.xib in Resources */ = {isa = PBXBuildFile; fileRef = 0B84CF9722D2499D00542342 /* BrandsTableViewCell.xib */; };
		0B8F646422F21E7B00120B0B /* SignUpViewController.swift in Sources */ = {isa = PBXBuildFile; fileRef = 0B8F646322F21E7B00120B0B /* SignUpViewController.swift */; };
		0B8F646722F228C200120B0B /* SearchTableViewCell.swift in Sources */ = {isa = PBXBuildFile; fileRef = 0B8F646522F228C200120B0B /* SearchTableViewCell.swift */; };
		0B8F646822F228C200120B0B /* SearchTableViewCell.xib in Resources */ = {isa = PBXBuildFile; fileRef = 0B8F646622F228C200120B0B /* SearchTableViewCell.xib */; };
		0B8F646B22F3AF7C00120B0B /* PageImageCollectionViewCell.swift in Sources */ = {isa = PBXBuildFile; fileRef = 0B8F646A22F3AF7C00120B0B /* PageImageCollectionViewCell.swift */; };
		0B8F646D22F9E6E800120B0B /* RatingDisplayViewController.swift in Sources */ = {isa = PBXBuildFile; fileRef = 0B8F646C22F9E6E800120B0B /* RatingDisplayViewController.swift */; };
		0B943E0822D55A1B000BA461 /* Product.swift in Sources */ = {isa = PBXBuildFile; fileRef = 0B943E0722D55A1B000BA461 /* Product.swift */; };
		0BA78F1422E60E5C00D15FF7 /* MoreViewController.swift in Sources */ = {isa = PBXBuildFile; fileRef = 0BA78F1222E60E5C00D15FF7 /* MoreViewController.swift */; };
		0BA78F1822E60EB600D15FF7 /* MoreTableViewCell.swift in Sources */ = {isa = PBXBuildFile; fileRef = 0BA78F1622E60EB600D15FF7 /* MoreTableViewCell.swift */; };
		0BA78F1922E60EB600D15FF7 /* MoreTableViewCell.xib in Resources */ = {isa = PBXBuildFile; fileRef = 0BA78F1722E60EB600D15FF7 /* MoreTableViewCell.xib */; };
		0BA78F1B22E62CE000D15FF7 /* AccountViewController.swift in Sources */ = {isa = PBXBuildFile; fileRef = 0BA78F1A22E62CE000D15FF7 /* AccountViewController.swift */; };
		0BA78F1E22E62E3A00D15FF7 /* AccountFirstTableViewCell.swift in Sources */ = {isa = PBXBuildFile; fileRef = 0BA78F1C22E62E3A00D15FF7 /* AccountFirstTableViewCell.swift */; };
		0BA78F1F22E62E3A00D15FF7 /* AccountFirstTableViewCell.xib in Resources */ = {isa = PBXBuildFile; fileRef = 0BA78F1D22E62E3A00D15FF7 /* AccountFirstTableViewCell.xib */; };
		0BA78F2222E6439400D15FF7 /* SecondTableViewCell.swift in Sources */ = {isa = PBXBuildFile; fileRef = 0BA78F2022E6439400D15FF7 /* SecondTableViewCell.swift */; };
		0BA78F2322E6439400D15FF7 /* SecondTableViewCell.xib in Resources */ = {isa = PBXBuildFile; fileRef = 0BA78F2122E6439400D15FF7 /* SecondTableViewCell.xib */; };
		0BA78F2522E8B1DE00D15FF7 /* BadgedBarButtonItem.swift in Sources */ = {isa = PBXBuildFile; fileRef = 0BA78F2422E8B1DE00D15FF7 /* BadgedBarButtonItem.swift */; };
		0BAD669F22D27F2900944B65 /* ProductsCollectionViewCell.swift in Sources */ = {isa = PBXBuildFile; fileRef = 0BAD669D22D27F2900944B65 /* ProductsCollectionViewCell.swift */; };
		0BB0BA4F22E0CA7C00D1DC85 /* TableFooterVIew.swift in Sources */ = {isa = PBXBuildFile; fileRef = 0BB0BA4E22E0CA7C00D1DC85 /* TableFooterVIew.swift */; };
		0BB0BA5122E0CAA000D1DC85 /* TableFooterView.xib in Resources */ = {isa = PBXBuildFile; fileRef = 0BB0BA5022E0CAA000D1DC85 /* TableFooterView.xib */; };
		0BB1D79922E3826500E96BCC /* RatingViewController.swift in Sources */ = {isa = PBXBuildFile; fileRef = 0BB1D79822E3826500E96BCC /* RatingViewController.swift */; };
		0BF6719E22B337E80060BA90 /* Assets.xcassets in Resources */ = {isa = PBXBuildFile; fileRef = 0BF6719D22B337E70060BA90 /* Assets.xcassets */; };
		0BF8D04122DCCC0F009BEB9D /* ProductDesViewController.swift in Sources */ = {isa = PBXBuildFile; fileRef = 0BF8D04022DCCC0F009BEB9D /* ProductDesViewController.swift */; };
		0BF8D04422DCCCAF009BEB9D /* ProductFirstTableViewCell.swift in Sources */ = {isa = PBXBuildFile; fileRef = 0BF8D04222DCCCAF009BEB9D /* ProductFirstTableViewCell.swift */; };
		0BF8D04522DCCCAF009BEB9D /* ProductFirstTableViewCell.xib in Resources */ = {isa = PBXBuildFile; fileRef = 0BF8D04322DCCCAF009BEB9D /* ProductFirstTableViewCell.xib */; };
		0BF8D04822DCDBAA009BEB9D /* ColorViewCell.swift in Sources */ = {isa = PBXBuildFile; fileRef = 0BF8D04622DCDBAA009BEB9D /* ColorViewCell.swift */; };
		0BF8D04922DCDBAA009BEB9D /* ColorViewCell.xib in Resources */ = {isa = PBXBuildFile; fileRef = 0BF8D04722DCDBAA009BEB9D /* ColorViewCell.xib */; };
		0BF8D04B22DD160A009BEB9D /* OffersViewController.swift in Sources */ = {isa = PBXBuildFile; fileRef = 0BF8D04A22DD160A009BEB9D /* OffersViewController.swift */; };
		0BF8D04E22DE3A26009BEB9D /* SecondProductTableViewCell.swift in Sources */ = {isa = PBXBuildFile; fileRef = 0BF8D04C22DE3A26009BEB9D /* SecondProductTableViewCell.swift */; };
		0BF8D04F22DE3A26009BEB9D /* SecondProductTableViewCell.xib in Resources */ = {isa = PBXBuildFile; fileRef = 0BF8D04D22DE3A26009BEB9D /* SecondProductTableViewCell.xib */; };
		277FC3D234F8B9186C554A1C /* Pods_MakeUpFinder.framework in Frameworks */ = {isa = PBXBuildFile; fileRef = EB7B8F770AB017CF0999A92D /* Pods_MakeUpFinder.framework */; };
		75C70AA3B3A44B5D575D4E5E /* Pods_NykaCosmetics.framework in Frameworks */ = {isa = PBXBuildFile; fileRef = 7E25530E2C3CF542DA6D1F5A /* Pods_NykaCosmetics.framework */; };
/* End PBXBuildFile section */

/* Begin PBXFileReference section */
		0B062C0F22BAAD2300F0BC3B /* CategoriesTableViewCell.swift */ = {isa = PBXFileReference; lastKnownFileType = sourcecode.swift; path = CategoriesTableViewCell.swift; sourceTree = "<group>"; };
		0B062C1022BAAD2300F0BC3B /* CategoriesTableViewCell.xib */ = {isa = PBXFileReference; lastKnownFileType = file.xib; path = CategoriesTableViewCell.xib; sourceTree = "<group>"; };
		0B062C1322BAAEED00F0BC3B /* CategoriesTableViewController.swift */ = {isa = PBXFileReference; lastKnownFileType = sourcecode.swift; path = CategoriesTableViewController.swift; sourceTree = "<group>"; };
		0B062C1522BBD86E00F0BC3B /* BrandsCollectionViewCell.swift */ = {isa = PBXFileReference; lastKnownFileType = sourcecode.swift; path = BrandsCollectionViewCell.swift; sourceTree = "<group>"; };
		0B06AEE522B934D7007F97FF /* SignInViewController.swift */ = {isa = PBXFileReference; lastKnownFileType = sourcecode.swift; path = SignInViewController.swift; sourceTree = "<group>"; };
		0B06AEE722B96A43007F97FF /* HomeViewController.swift */ = {isa = PBXFileReference; lastKnownFileType = sourcecode.swift; path = HomeViewController.swift; sourceTree = "<group>"; };
		0B0A4E0622E92C8000C9D876 /* ChangePasswordViewController.swift */ = {isa = PBXFileReference; lastKnownFileType = sourcecode.swift; path = ChangePasswordViewController.swift; sourceTree = "<group>"; };
		0B21FB8122B2963300AD2A74 /* MakeUpFinder.app */ = {isa = PBXFileReference; explicitFileType = wrapper.application; includeInIndex = 0; path = MakeUpFinder.app; sourceTree = BUILT_PRODUCTS_DIR; };
		0B21FB8422B2963300AD2A74 /* AppDelegate.swift */ = {isa = PBXFileReference; lastKnownFileType = sourcecode.swift; path = AppDelegate.swift; sourceTree = "<group>"; };
		0B21FB8622B2963300AD2A74 /* ViewController.swift */ = {isa = PBXFileReference; lastKnownFileType = sourcecode.swift; path = ViewController.swift; sourceTree = "<group>"; };
		0B21FB8922B2963300AD2A74 /* Base */ = {isa = PBXFileReference; lastKnownFileType = file.storyboard; name = Base; path = Base.lproj/Main.storyboard; sourceTree = "<group>"; };
		0B21FB9122B2963600AD2A74 /* Base */ = {isa = PBXFileReference; lastKnownFileType = file.storyboard; name = Base; path = Base.lproj/LaunchScreen.storyboard; sourceTree = "<group>"; };
		0B21FB9322B2963600AD2A74 /* Info.plist */ = {isa = PBXFileReference; lastKnownFileType = text.plist.xml; path = Info.plist; sourceTree = "<group>"; };
		0B331D1E22CBCAB30041CA1F /* BrandsViewController.swift */ = {isa = PBXFileReference; lastKnownFileType = sourcecode.swift; path = BrandsViewController.swift; sourceTree = "<group>"; };
		0B39A4B922DF6F6A00102A72 /* ThirdProductTableViewCell.swift */ = {isa = PBXFileReference; lastKnownFileType = sourcecode.swift; path = ThirdProductTableViewCell.swift; sourceTree = "<group>"; };
		0B39A4BA22DF6F6A00102A72 /* ThirdProductTableViewCell.xib */ = {isa = PBXFileReference; lastKnownFileType = file.xib; path = ThirdProductTableViewCell.xib; sourceTree = "<group>"; };
		0B39A4BD22DF7E5800102A72 /* FourthTableViewCell.swift */ = {isa = PBXFileReference; lastKnownFileType = sourcecode.swift; path = FourthTableViewCell.swift; sourceTree = "<group>"; };
		0B39A4BE22DF7E5800102A72 /* FourthTableViewCell.xib */ = {isa = PBXFileReference; lastKnownFileType = file.xib; path = FourthTableViewCell.xib; sourceTree = "<group>"; };
		0B42C1BD22EF4DD400F4987D /* MywishlistTableViewCell.swift */ = {isa = PBXFileReference; lastKnownFileType = sourcecode.swift; path = MywishlistTableViewCell.swift; sourceTree = "<group>"; };
		0B42C1BE22EF4DD400F4987D /* MywishlistTableViewCell.xib */ = {isa = PBXFileReference; lastKnownFileType = file.xib; path = MywishlistTableViewCell.xib; sourceTree = "<group>"; };
		0B42C1C122EF582300F4987D /* MywishlistViewController.swift */ = {isa = PBXFileReference; lastKnownFileType = sourcecode.swift; path = MywishlistViewController.swift; sourceTree = "<group>"; };
		0B42C1C322EF660A00F4987D /* WishListManager.swift */ = {isa = PBXFileReference; lastKnownFileType = sourcecode.swift; path = WishListManager.swift; sourceTree = "<group>"; };
		0B6F597122B7FE0C001D40BA /* LandingViewController.swift */ = {isa = PBXFileReference; lastKnownFileType = sourcecode.swift; path = LandingViewController.swift; sourceTree = "<group>"; };
		0B84CF9622D2499D00542342 /* BrandsTableViewCell.swift */ = {isa = PBXFileReference; lastKnownFileType = sourcecode.swift; path = BrandsTableViewCell.swift; sourceTree = "<group>"; };
		0B84CF9722D2499D00542342 /* BrandsTableViewCell.xib */ = {isa = PBXFileReference; lastKnownFileType = file.xib; path = BrandsTableViewCell.xib; sourceTree = "<group>"; };
		0B8F646322F21E7B00120B0B /* SignUpViewController.swift */ = {isa = PBXFileReference; lastKnownFileType = sourcecode.swift; path = SignUpViewController.swift; sourceTree = "<group>"; };
		0B8F646522F228C200120B0B /* SearchTableViewCell.swift */ = {isa = PBXFileReference; lastKnownFileType = sourcecode.swift; path = SearchTableViewCell.swift; sourceTree = "<group>"; };
		0B8F646622F228C200120B0B /* SearchTableViewCell.xib */ = {isa = PBXFileReference; lastKnownFileType = file.xib; path = SearchTableViewCell.xib; sourceTree = "<group>"; };
		0B8F646A22F3AF7C00120B0B /* PageImageCollectionViewCell.swift */ = {isa = PBXFileReference; lastKnownFileType = sourcecode.swift; path = PageImageCollectionViewCell.swift; sourceTree = "<group>"; };
		0B8F646C22F9E6E800120B0B /* RatingDisplayViewController.swift */ = {isa = PBXFileReference; lastKnownFileType = sourcecode.swift; path = RatingDisplayViewController.swift; sourceTree = "<group>"; };
		0B943E0722D55A1B000BA461 /* Product.swift */ = {isa = PBXFileReference; fileEncoding = 4; lastKnownFileType = sourcecode.swift; path = Product.swift; sourceTree = "<group>"; };
		0BA78F1222E60E5C00D15FF7 /* MoreViewController.swift */ = {isa = PBXFileReference; lastKnownFileType = sourcecode.swift; path = MoreViewController.swift; sourceTree = "<group>"; };
		0BA78F1622E60EB600D15FF7 /* MoreTableViewCell.swift */ = {isa = PBXFileReference; lastKnownFileType = sourcecode.swift; path = MoreTableViewCell.swift; sourceTree = "<group>"; };
		0BA78F1722E60EB600D15FF7 /* MoreTableViewCell.xib */ = {isa = PBXFileReference; lastKnownFileType = file.xib; path = MoreTableViewCell.xib; sourceTree = "<group>"; };
		0BA78F1A22E62CE000D15FF7 /* AccountViewController.swift */ = {isa = PBXFileReference; lastKnownFileType = sourcecode.swift; path = AccountViewController.swift; sourceTree = "<group>"; };
		0BA78F1C22E62E3A00D15FF7 /* AccountFirstTableViewCell.swift */ = {isa = PBXFileReference; lastKnownFileType = sourcecode.swift; path = AccountFirstTableViewCell.swift; sourceTree = "<group>"; };
		0BA78F1D22E62E3A00D15FF7 /* AccountFirstTableViewCell.xib */ = {isa = PBXFileReference; lastKnownFileType = file.xib; path = AccountFirstTableViewCell.xib; sourceTree = "<group>"; };
		0BA78F2022E6439400D15FF7 /* SecondTableViewCell.swift */ = {isa = PBXFileReference; lastKnownFileType = sourcecode.swift; path = SecondTableViewCell.swift; sourceTree = "<group>"; };
		0BA78F2122E6439400D15FF7 /* SecondTableViewCell.xib */ = {isa = PBXFileReference; lastKnownFileType = file.xib; path = SecondTableViewCell.xib; sourceTree = "<group>"; };
		0BA78F2422E8B1DE00D15FF7 /* BadgedBarButtonItem.swift */ = {isa = PBXFileReference; fileEncoding = 4; lastKnownFileType = sourcecode.swift; path = BadgedBarButtonItem.swift; sourceTree = "<group>"; };
		0BAD669D22D27F2900944B65 /* ProductsCollectionViewCell.swift */ = {isa = PBXFileReference; lastKnownFileType = sourcecode.swift; path = ProductsCollectionViewCell.swift; sourceTree = "<group>"; };
		0BB0BA4E22E0CA7C00D1DC85 /* TableFooterVIew.swift */ = {isa = PBXFileReference; lastKnownFileType = sourcecode.swift; path = TableFooterVIew.swift; sourceTree = "<group>"; };
		0BB0BA5022E0CAA000D1DC85 /* TableFooterView.xib */ = {isa = PBXFileReference; lastKnownFileType = file.xib; path = TableFooterView.xib; sourceTree = "<group>"; };
		0BB1D79822E3826500E96BCC /* RatingViewController.swift */ = {isa = PBXFileReference; lastKnownFileType = sourcecode.swift; path = RatingViewController.swift; sourceTree = "<group>"; };
		0BF6719D22B337E70060BA90 /* Assets.xcassets */ = {isa = PBXFileReference; lastKnownFileType = folder.assetcatalog; path = Assets.xcassets; sourceTree = "<group>"; };
		0BF8D04022DCCC0F009BEB9D /* ProductDesViewController.swift */ = {isa = PBXFileReference; lastKnownFileType = sourcecode.swift; path = ProductDesViewController.swift; sourceTree = "<group>"; };
		0BF8D04222DCCCAF009BEB9D /* ProductFirstTableViewCell.swift */ = {isa = PBXFileReference; lastKnownFileType = sourcecode.swift; path = ProductFirstTableViewCell.swift; sourceTree = "<group>"; };
		0BF8D04322DCCCAF009BEB9D /* ProductFirstTableViewCell.xib */ = {isa = PBXFileReference; lastKnownFileType = file.xib; path = ProductFirstTableViewCell.xib; sourceTree = "<group>"; };
		0BF8D04622DCDBAA009BEB9D /* ColorViewCell.swift */ = {isa = PBXFileReference; lastKnownFileType = sourcecode.swift; path = ColorViewCell.swift; sourceTree = "<group>"; };
		0BF8D04722DCDBAA009BEB9D /* ColorViewCell.xib */ = {isa = PBXFileReference; lastKnownFileType = file.xib; path = ColorViewCell.xib; sourceTree = "<group>"; };
		0BF8D04A22DD160A009BEB9D /* OffersViewController.swift */ = {isa = PBXFileReference; lastKnownFileType = sourcecode.swift; path = OffersViewController.swift; sourceTree = "<group>"; };
		0BF8D04C22DE3A26009BEB9D /* SecondProductTableViewCell.swift */ = {isa = PBXFileReference; lastKnownFileType = sourcecode.swift; path = SecondProductTableViewCell.swift; sourceTree = "<group>"; };
		0BF8D04D22DE3A26009BEB9D /* SecondProductTableViewCell.xib */ = {isa = PBXFileReference; lastKnownFileType = file.xib; path = SecondProductTableViewCell.xib; sourceTree = "<group>"; };
		7E25530E2C3CF542DA6D1F5A /* Pods_NykaCosmetics.framework */ = {isa = PBXFileReference; explicitFileType = wrapper.framework; includeInIndex = 0; path = Pods_NykaCosmetics.framework; sourceTree = BUILT_PRODUCTS_DIR; };
		9921E684E6BF5A3402911751 /* Pods-MakeUpFinder.release.xcconfig */ = {isa = PBXFileReference; includeInIndex = 1; lastKnownFileType = text.xcconfig; name = "Pods-MakeUpFinder.release.xcconfig"; path = "Target Support Files/Pods-MakeUpFinder/Pods-MakeUpFinder.release.xcconfig"; sourceTree = "<group>"; };
		BEEE0E7E96960DC620AD7AA9 /* Pods-MakeUpFinder.debug.xcconfig */ = {isa = PBXFileReference; includeInIndex = 1; lastKnownFileType = text.xcconfig; name = "Pods-MakeUpFinder.debug.xcconfig"; path = "Target Support Files/Pods-MakeUpFinder/Pods-MakeUpFinder.debug.xcconfig"; sourceTree = "<group>"; };
		D8C14A115FE954AB63F0F99A /* Pods-NykaCosmetics.debug.xcconfig */ = {isa = PBXFileReference; includeInIndex = 1; lastKnownFileType = text.xcconfig; name = "Pods-NykaCosmetics.debug.xcconfig"; path = "Target Support Files/Pods-NykaCosmetics/Pods-NykaCosmetics.debug.xcconfig"; sourceTree = "<group>"; };
		D99262F179D27212ED8013CC /* Pods-NykaCosmetics.release.xcconfig */ = {isa = PBXFileReference; includeInIndex = 1; lastKnownFileType = text.xcconfig; name = "Pods-NykaCosmetics.release.xcconfig"; path = "Target Support Files/Pods-NykaCosmetics/Pods-NykaCosmetics.release.xcconfig"; sourceTree = "<group>"; };
		EB7B8F770AB017CF0999A92D /* Pods_MakeUpFinder.framework */ = {isa = PBXFileReference; explicitFileType = wrapper.framework; includeInIndex = 0; path = Pods_MakeUpFinder.framework; sourceTree = BUILT_PRODUCTS_DIR; };
/* End PBXFileReference section */

/* Begin PBXFrameworksBuildPhase section */
		0B21FB7E22B2963300AD2A74 /* Frameworks */ = {
			isa = PBXFrameworksBuildPhase;
			buildActionMask = 2147483647;
			files = (
				75C70AA3B3A44B5D575D4E5E /* Pods_NykaCosmetics.framework in Frameworks */,
				277FC3D234F8B9186C554A1C /* Pods_MakeUpFinder.framework in Frameworks */,
			);
			runOnlyForDeploymentPostprocessing = 0;
		};
/* End PBXFrameworksBuildPhase section */

/* Begin PBXGroup section */
		0B21FB7822B2963300AD2A74 = {
			isa = PBXGroup;
			children = (
				0B21FB8322B2963300AD2A74 /* MakeUpFinder */,
				0B21FB8222B2963300AD2A74 /* Products */,
				9E42CB5989F7FB2530FA708C /* Pods */,
				1D7A7785811E40F5928B3CAD /* Frameworks */,
			);
			sourceTree = "<group>";
		};
		0B21FB8222B2963300AD2A74 /* Products */ = {
			isa = PBXGroup;
			children = (
				0B21FB8122B2963300AD2A74 /* MakeUpFinder.app */,
			);
			name = Products;
			sourceTree = "<group>";
		};
		0B21FB8322B2963300AD2A74 /* MakeUpFinder */ = {
			isa = PBXGroup;
			children = (
				0B21FB8422B2963300AD2A74 /* AppDelegate.swift */,
				0BAEF3A422EA175400B16B13 /* view contollers */,
				0BAEF3AA22EA24EF00B16B13 /* view */,
				0B21FB8822B2963300AD2A74 /* Main.storyboard */,
				0BA78F2422E8B1DE00D15FF7 /* BadgedBarButtonItem.swift */,
				0B943E0722D55A1B000BA461 /* Product.swift */,
				0B21FB9022B2963600AD2A74 /* LaunchScreen.storyboard */,
				0BF6719D22B337E70060BA90 /* Assets.xcassets */,
				0B21FB9322B2963600AD2A74 /* Info.plist */,
			);
			path = MakeUpFinder;
			sourceTree = "<group>";
		};
		0B8F646922F2354D00120B0B /* Home */ = {
			isa = PBXGroup;
			children = (
				0B8F646522F228C200120B0B /* SearchTableViewCell.swift */,
				0B8F646622F228C200120B0B /* SearchTableViewCell.xib */,
			);
			path = Home;
			sourceTree = "<group>";
		};
		0BAEF3A422EA175400B16B13 /* view contollers */ = {
			isa = PBXGroup;
			children = (
				0BAEF3A622EA23D200B16B13 /* sign in & Sign up & Landing */,
				0BAEF3A522EA23B400B16B13 /* Home tab bar */,
				0BAEF3A722EA241000B16B13 /* Categories tab bar */,
				0BAEF3A822EA244E00B16B13 /* More tab bar  */,
				0BAEF3A922EA248100B16B13 /* offer tab bar  */,
			);
			path = "view contollers";
			sourceTree = "<group>";
		};
		0BAEF3A522EA23B400B16B13 /* Home tab bar */ = {
			isa = PBXGroup;
			children = (
				0B06AEE722B96A43007F97FF /* HomeViewController.swift */,
				0B8F646A22F3AF7C00120B0B /* PageImageCollectionViewCell.swift */,
			);
			path = "Home tab bar";
			sourceTree = "<group>";
		};
		0BAEF3A622EA23D200B16B13 /* sign in & Sign up & Landing */ = {
			isa = PBXGroup;
			children = (
				0B21FB8622B2963300AD2A74 /* ViewController.swift */,
				0B6F597122B7FE0C001D40BA /* LandingViewController.swift */,
				0B06AEE522B934D7007F97FF /* SignInViewController.swift */,
				0B8F646322F21E7B00120B0B /* SignUpViewController.swift */,
			);
			path = "sign in & Sign up & Landing";
			sourceTree = "<group>";
		};
		0BAEF3A722EA241000B16B13 /* Categories tab bar */ = {
			isa = PBXGroup;
			children = (
				0B062C1322BAAEED00F0BC3B /* CategoriesTableViewController.swift */,
				0B331D1E22CBCAB30041CA1F /* BrandsViewController.swift */,
				0BF8D04022DCCC0F009BEB9D /* ProductDesViewController.swift */,
				0BB1D79822E3826500E96BCC /* RatingViewController.swift */,
				0B8F646C22F9E6E800120B0B /* RatingDisplayViewController.swift */,
			);
			path = "Categories tab bar";
			sourceTree = "<group>";
		};
		0BAEF3A822EA244E00B16B13 /* More tab bar  */ = {
			isa = PBXGroup;
			children = (
				0BA78F1222E60E5C00D15FF7 /* MoreViewController.swift */,
				0B42C1C122EF582300F4987D /* MywishlistViewController.swift */,
				0BA78F1A22E62CE000D15FF7 /* AccountViewController.swift */,
				0B0A4E0622E92C8000C9D876 /* ChangePasswordViewController.swift */,
			);
			path = "More tab bar ";
			sourceTree = "<group>";
		};
		0BAEF3A922EA248100B16B13 /* offer tab bar  */ = {
			isa = PBXGroup;
			children = (
				0BF8D04A22DD160A009BEB9D /* OffersViewController.swift */,
			);
			path = "offer tab bar ";
			sourceTree = "<group>";
		};
		0BAEF3AA22EA24EF00B16B13 /* view */ = {
			isa = PBXGroup;
			children = (
				0B8F646922F2354D00120B0B /* Home */,
				0BAEF3AB22EA25A500B16B13 /* My account related cells */,
				0BAEF3AE22EA270F00B16B13 /* brands table nd collection cells */,
				0BAEF3AC22EA25FF00B16B13 /* product desc cells */,
				0BAEF3AD22EA268300B16B13 /* More table cells */,
				0B42C1C322EF660A00F4987D /* WishListManager.swift */,
			);
			path = view;
			sourceTree = "<group>";
		};
		0BAEF3AB22EA25A500B16B13 /* My account related cells */ = {
			isa = PBXGroup;
			children = (
				0BA78F1C22E62E3A00D15FF7 /* AccountFirstTableViewCell.swift */,
				0BA78F1D22E62E3A00D15FF7 /* AccountFirstTableViewCell.xib */,
				0BA78F2022E6439400D15FF7 /* SecondTableViewCell.swift */,
				0BA78F2122E6439400D15FF7 /* SecondTableViewCell.xib */,
			);
			path = "My account related cells";
			sourceTree = "<group>";
		};
		0BAEF3AC22EA25FF00B16B13 /* product desc cells */ = {
			isa = PBXGroup;
			children = (
				0BF8D04222DCCCAF009BEB9D /* ProductFirstTableViewCell.swift */,
				0BF8D04322DCCCAF009BEB9D /* ProductFirstTableViewCell.xib */,
				0BF8D04622DCDBAA009BEB9D /* ColorViewCell.swift */,
				0BF8D04722DCDBAA009BEB9D /* ColorViewCell.xib */,
				0BF8D04C22DE3A26009BEB9D /* SecondProductTableViewCell.swift */,
				0BF8D04D22DE3A26009BEB9D /* SecondProductTableViewCell.xib */,
				0B39A4B922DF6F6A00102A72 /* ThirdProductTableViewCell.swift */,
				0B39A4BA22DF6F6A00102A72 /* ThirdProductTableViewCell.xib */,
				0B39A4BD22DF7E5800102A72 /* FourthTableViewCell.swift */,
				0B39A4BE22DF7E5800102A72 /* FourthTableViewCell.xib */,
				0BB0BA4E22E0CA7C00D1DC85 /* TableFooterVIew.swift */,
				0BB0BA5022E0CAA000D1DC85 /* TableFooterView.xib */,
			);
			path = "product desc cells";
			sourceTree = "<group>";
		};
		0BAEF3AD22EA268300B16B13 /* More table cells */ = {
			isa = PBXGroup;
			children = (
				0BA78F1622E60EB600D15FF7 /* MoreTableViewCell.swift */,
				0BA78F1722E60EB600D15FF7 /* MoreTableViewCell.xib */,
				0B42C1BD22EF4DD400F4987D /* MywishlistTableViewCell.swift */,
				0B42C1BE22EF4DD400F4987D /* MywishlistTableViewCell.xib */,
			);
			path = "More table cells";
			sourceTree = "<group>";
		};
		0BAEF3AE22EA270F00B16B13 /* brands table nd collection cells */ = {
			isa = PBXGroup;
			children = (
				0B062C0F22BAAD2300F0BC3B /* CategoriesTableViewCell.swift */,
				0B062C1022BAAD2300F0BC3B /* CategoriesTableViewCell.xib */,
				0BAD669D22D27F2900944B65 /* ProductsCollectionViewCell.swift */,
				0B062C1522BBD86E00F0BC3B /* BrandsCollectionViewCell.swift */,
				0B84CF9622D2499D00542342 /* BrandsTableViewCell.swift */,
				0B84CF9722D2499D00542342 /* BrandsTableViewCell.xib */,
			);
			path = "brands table nd collection cells";
			sourceTree = "<group>";
		};
		1D7A7785811E40F5928B3CAD /* Frameworks */ = {
			isa = PBXGroup;
			children = (
				7E25530E2C3CF542DA6D1F5A /* Pods_NykaCosmetics.framework */,
				EB7B8F770AB017CF0999A92D /* Pods_MakeUpFinder.framework */,
			);
			name = Frameworks;
			sourceTree = "<group>";
		};
		9E42CB5989F7FB2530FA708C /* Pods */ = {
			isa = PBXGroup;
			children = (
				D8C14A115FE954AB63F0F99A /* Pods-NykaCosmetics.debug.xcconfig */,
				D99262F179D27212ED8013CC /* Pods-NykaCosmetics.release.xcconfig */,
				BEEE0E7E96960DC620AD7AA9 /* Pods-MakeUpFinder.debug.xcconfig */,
				9921E684E6BF5A3402911751 /* Pods-MakeUpFinder.release.xcconfig */,
			);
			path = Pods;
			sourceTree = "<group>";
		};
/* End PBXGroup section */

/* Begin PBXNativeTarget section */
		0B21FB8022B2963300AD2A74 /* MakeUpFinder */ = {
			isa = PBXNativeTarget;
			buildConfigurationList = 0B21FB9622B2963600AD2A74 /* Build configuration list for PBXNativeTarget "MakeUpFinder" */;
			buildPhases = (
				FD3375BAD4A4E9A6998EBB61 /* [CP] Check Pods Manifest.lock */,
				0B21FB7D22B2963300AD2A74 /* Sources */,
				0B21FB7E22B2963300AD2A74 /* Frameworks */,
				0B21FB7F22B2963300AD2A74 /* Resources */,
				4CB1B0D22C6F7C28C7B12AE2 /* [CP] Embed Pods Frameworks */,
			);
			buildRules = (
			);
			dependencies = (
			);
			name = MakeUpFinder;
			productName = NykaCosmetics;
			productReference = 0B21FB8122B2963300AD2A74 /* MakeUpFinder.app */;
			productType = "com.apple.product-type.application";
		};
/* End PBXNativeTarget section */

/* Begin PBXProject section */
		0B21FB7922B2963300AD2A74 /* Project object */ = {
			isa = PBXProject;
			attributes = {
				LastSwiftUpdateCheck = 1010;
				LastUpgradeCheck = 1010;
				ORGANIZATIONNAME = Rupika;
				TargetAttributes = {
					0B21FB8022B2963300AD2A74 = {
						CreatedOnToolsVersion = 10.1;
					};
				};
			};
			buildConfigurationList = 0B21FB7C22B2963300AD2A74 /* Build configuration list for PBXProject "MakeUpFinder" */;
			compatibilityVersion = "Xcode 9.3";
			developmentRegion = en;
			hasScannedForEncodings = 0;
			knownRegions = (
				en,
				Base,
			);
			mainGroup = 0B21FB7822B2963300AD2A74;
			productRefGroup = 0B21FB8222B2963300AD2A74 /* Products */;
			projectDirPath = "";
			projectRoot = "";
			targets = (
				0B21FB8022B2963300AD2A74 /* MakeUpFinder */,
			);
		};
/* End PBXProject section */

/* Begin PBXResourcesBuildPhase section */
		0B21FB7F22B2963300AD2A74 /* Resources */ = {
			isa = PBXResourcesBuildPhase;
			buildActionMask = 2147483647;
			files = (
				0BA78F1922E60EB600D15FF7 /* MoreTableViewCell.xib in Resources */,
				0B8F646822F228C200120B0B /* SearchTableViewCell.xib in Resources */,
				0B21FB9222B2963600AD2A74 /* LaunchScreen.storyboard in Resources */,
				0B84CF9922D2499D00542342 /* BrandsTableViewCell.xib in Resources */,
				0B39A4BC22DF6F6A00102A72 /* ThirdProductTableViewCell.xib in Resources */,
				0B39A4C022DF7E5800102A72 /* FourthTableViewCell.xib in Resources */,
				0B062C1222BAAD2300F0BC3B /* CategoriesTableViewCell.xib in Resources */,
				0BF6719E22B337E80060BA90 /* Assets.xcassets in Resources */,
				0BF8D04922DCDBAA009BEB9D /* ColorViewCell.xib in Resources */,
				0BF8D04522DCCCAF009BEB9D /* ProductFirstTableViewCell.xib in Resources */,
				0B21FB8A22B2963300AD2A74 /* Main.storyboard in Resources */,
				0BF8D04F22DE3A26009BEB9D /* SecondProductTableViewCell.xib in Resources */,
				0BA78F2322E6439400D15FF7 /* SecondTableViewCell.xib in Resources */,
				0BB0BA5122E0CAA000D1DC85 /* TableFooterView.xib in Resources */,
				0B42C1C022EF4DD400F4987D /* MywishlistTableViewCell.xib in Resources */,
				0BA78F1F22E62E3A00D15FF7 /* AccountFirstTableViewCell.xib in Resources */,
			);
			runOnlyForDeploymentPostprocessing = 0;
		};
/* End PBXResourcesBuildPhase section */

/* Begin PBXShellScriptBuildPhase section */
		4CB1B0D22C6F7C28C7B12AE2 /* [CP] Embed Pods Frameworks */ = {
			isa = PBXShellScriptBuildPhase;
			buildActionMask = 2147483647;
			files = (
			);
			inputFileListPaths = (
			);
			inputPaths = (
				"${PODS_ROOT}/Target Support Files/Pods-MakeUpFinder/Pods-MakeUpFinder-frameworks.sh",
				"${BUILT_PRODUCTS_DIR}/Realm/Realm.framework",
				"${BUILT_PRODUCTS_DIR}/RealmSwift/RealmSwift.framework",
			);
			name = "[CP] Embed Pods Frameworks";
			outputFileListPaths = (
			);
			outputPaths = (
				"${TARGET_BUILD_DIR}/${FRAMEWORKS_FOLDER_PATH}/Realm.framework",
				"${TARGET_BUILD_DIR}/${FRAMEWORKS_FOLDER_PATH}/RealmSwift.framework",
			);
			runOnlyForDeploymentPostprocessing = 0;
			shellPath = /bin/sh;
			shellScript = "\"${PODS_ROOT}/Target Support Files/Pods-MakeUpFinder/Pods-MakeUpFinder-frameworks.sh\"\n";
			showEnvVarsInLog = 0;
		};
		FD3375BAD4A4E9A6998EBB61 /* [CP] Check Pods Manifest.lock */ = {
			isa = PBXShellScriptBuildPhase;
			buildActionMask = 2147483647;
			files = (
			);
			inputFileListPaths = (
			);
			inputPaths = (
				"${PODS_PODFILE_DIR_PATH}/Podfile.lock",
				"${PODS_ROOT}/Manifest.lock",
			);
			name = "[CP] Check Pods Manifest.lock";
			outputFileListPaths = (
			);
			outputPaths = (
				"$(DERIVED_FILE_DIR)/Pods-MakeUpFinder-checkManifestLockResult.txt",
			);
			runOnlyForDeploymentPostprocessing = 0;
			shellPath = /bin/sh;
			shellScript = "diff \"${PODS_PODFILE_DIR_PATH}/Podfile.lock\" \"${PODS_ROOT}/Manifest.lock\" > /dev/null\nif [ $? != 0 ] ; then\n    # print error to STDERR\n    echo \"error: The sandbox is not in sync with the Podfile.lock. Run 'pod install' or update your CocoaPods installation.\" >&2\n    exit 1\nfi\n# This output is used by Xcode 'outputs' to avoid re-running this script phase.\necho \"SUCCESS\" > \"${SCRIPT_OUTPUT_FILE_0}\"\n";
			showEnvVarsInLog = 0;
		};
/* End PBXShellScriptBuildPhase section */

/* Begin PBXSourcesBuildPhase section */
		0B21FB7D22B2963300AD2A74 /* Sources */ = {
			isa = PBXSourcesBuildPhase;
			buildActionMask = 2147483647;
			files = (
				0BA78F1E22E62E3A00D15FF7 /* AccountFirstTableViewCell.swift in Sources */,
				0BF8D04E22DE3A26009BEB9D /* SecondProductTableViewCell.swift in Sources */,
				0BA78F1822E60EB600D15FF7 /* MoreTableViewCell.swift in Sources */,
				0BA78F1B22E62CE000D15FF7 /* AccountViewController.swift in Sources */,
				0B42C1BF22EF4DD400F4987D /* MywishlistTableViewCell.swift in Sources */,
				0B331D1F22CBCAB30041CA1F /* BrandsViewController.swift in Sources */,
				0BB0BA4F22E0CA7C00D1DC85 /* TableFooterVIew.swift in Sources */,
				0B84CF9822D2499D00542342 /* BrandsTableViewCell.swift in Sources */,
				0BF8D04422DCCCAF009BEB9D /* ProductFirstTableViewCell.swift in Sources */,
				0BA78F2522E8B1DE00D15FF7 /* BadgedBarButtonItem.swift in Sources */,
				0B8F646422F21E7B00120B0B /* SignUpViewController.swift in Sources */,
				0B21FB8722B2963300AD2A74 /* ViewController.swift in Sources */,
				0BA78F2222E6439400D15FF7 /* SecondTableViewCell.swift in Sources */,
				0BB1D79922E3826500E96BCC /* RatingViewController.swift in Sources */,
				0B21FB8522B2963300AD2A74 /* AppDelegate.swift in Sources */,
				0B8F646722F228C200120B0B /* SearchTableViewCell.swift in Sources */,
				0B0A4E0722E92C8000C9D876 /* ChangePasswordViewController.swift in Sources */,
				0B8F646D22F9E6E800120B0B /* RatingDisplayViewController.swift in Sources */,
				0B39A4BF22DF7E5800102A72 /* FourthTableViewCell.swift in Sources */,
				0B6F597222B7FE0C001D40BA /* LandingViewController.swift in Sources */,
				0B943E0822D55A1B000BA461 /* Product.swift in Sources */,
				0B062C1422BAAEED00F0BC3B /* CategoriesTableViewController.swift in Sources */,
				0B06AEE622B934D7007F97FF /* SignInViewController.swift in Sources */,
				0BF8D04B22DD160A009BEB9D /* OffersViewController.swift in Sources */,
				0B42C1C222EF582300F4987D /* MywishlistViewController.swift in Sources */,
				0B062C1122BAAD2300F0BC3B /* CategoriesTableViewCell.swift in Sources */,
				0BA78F1422E60E5C00D15FF7 /* MoreViewController.swift in Sources */,
				0B42C1C422EF660A00F4987D /* WishListManager.swift in Sources */,
				0B062C1622BBD86E00F0BC3B /* BrandsCollectionViewCell.swift in Sources */,
				0BAD669F22D27F2900944B65 /* ProductsCollectionViewCell.swift in Sources */,
				0B8F646B22F3AF7C00120B0B /* PageImageCollectionViewCell.swift in Sources */,
				0B06AEE822B96A43007F97FF /* HomeViewController.swift in Sources */,
				0BF8D04122DCCC0F009BEB9D /* ProductDesViewController.swift in Sources */,
				0BF8D04822DCDBAA009BEB9D /* ColorViewCell.swift in Sources */,
				0B39A4BB22DF6F6A00102A72 /* ThirdProductTableViewCell.swift in Sources */,
			);
			runOnlyForDeploymentPostprocessing = 0;
		};
/* End PBXSourcesBuildPhase section */

/* Begin PBXVariantGroup section */
		0B21FB8822B2963300AD2A74 /* Main.storyboard */ = {
			isa = PBXVariantGroup;
			children = (
				0B21FB8922B2963300AD2A74 /* Base */,
			);
			name = Main.storyboard;
			sourceTree = "<group>";
		};
		0B21FB9022B2963600AD2A74 /* LaunchScreen.storyboard */ = {
			isa = PBXVariantGroup;
			children = (
				0B21FB9122B2963600AD2A74 /* Base */,
			);
			name = LaunchScreen.storyboard;
			sourceTree = "<group>";
		};
/* End PBXVariantGroup section */

/* Begin XCBuildConfiguration section */
		0B21FB9422B2963600AD2A74 /* Debug */ = {
			isa = XCBuildConfiguration;
			buildSettings = {
				ALWAYS_SEARCH_USER_PATHS = NO;
				CLANG_ANALYZER_NONNULL = YES;
				CLANG_ANALYZER_NUMBER_OBJECT_CONVERSION = YES_AGGRESSIVE;
				CLANG_CXX_LANGUAGE_STANDARD = "gnu++14";
				CLANG_CXX_LIBRARY = "libc++";
				CLANG_ENABLE_MODULES = YES;
				CLANG_ENABLE_OBJC_ARC = YES;
				CLANG_ENABLE_OBJC_WEAK = YES;
				CLANG_WARN_BLOCK_CAPTURE_AUTORELEASING = YES;
				CLANG_WARN_BOOL_CONVERSION = YES;
				CLANG_WARN_COMMA = YES;
				CLANG_WARN_CONSTANT_CONVERSION = YES;
				CLANG_WARN_DEPRECATED_OBJC_IMPLEMENTATIONS = YES;
				CLANG_WARN_DIRECT_OBJC_ISA_USAGE = YES_ERROR;
				CLANG_WARN_DOCUMENTATION_COMMENTS = YES;
				CLANG_WARN_EMPTY_BODY = YES;
				CLANG_WARN_ENUM_CONVERSION = YES;
				CLANG_WARN_INFINITE_RECURSION = YES;
				CLANG_WARN_INT_CONVERSION = YES;
				CLANG_WARN_NON_LITERAL_NULL_CONVERSION = YES;
				CLANG_WARN_OBJC_IMPLICIT_RETAIN_SELF = YES;
				CLANG_WARN_OBJC_LITERAL_CONVERSION = YES;
				CLANG_WARN_OBJC_ROOT_CLASS = YES_ERROR;
				CLANG_WARN_RANGE_LOOP_ANALYSIS = YES;
				CLANG_WARN_STRICT_PROTOTYPES = YES;
				CLANG_WARN_SUSPICIOUS_MOVE = YES;
				CLANG_WARN_UNGUARDED_AVAILABILITY = YES_AGGRESSIVE;
				CLANG_WARN_UNREACHABLE_CODE = YES;
				CLANG_WARN__DUPLICATE_METHOD_MATCH = YES;
				CODE_SIGN_IDENTITY = "iPhone Developer";
				COPY_PHASE_STRIP = NO;
				DEBUG_INFORMATION_FORMAT = dwarf;
				ENABLE_STRICT_OBJC_MSGSEND = YES;
				ENABLE_TESTABILITY = YES;
				GCC_C_LANGUAGE_STANDARD = gnu11;
				GCC_DYNAMIC_NO_PIC = NO;
				GCC_NO_COMMON_BLOCKS = YES;
				GCC_OPTIMIZATION_LEVEL = 0;
				GCC_PREPROCESSOR_DEFINITIONS = (
					"DEBUG=1",
					"$(inherited)",
				);
				GCC_WARN_64_TO_32_BIT_CONVERSION = YES;
				GCC_WARN_ABOUT_RETURN_TYPE = YES_ERROR;
				GCC_WARN_UNDECLARED_SELECTOR = YES;
				GCC_WARN_UNINITIALIZED_AUTOS = YES_AGGRESSIVE;
				GCC_WARN_UNUSED_FUNCTION = YES;
				GCC_WARN_UNUSED_VARIABLE = YES;
				IPHONEOS_DEPLOYMENT_TARGET = 12.1;
				MTL_ENABLE_DEBUG_INFO = INCLUDE_SOURCE;
				MTL_FAST_MATH = YES;
				ONLY_ACTIVE_ARCH = YES;
				SDKROOT = iphoneos;
				SWIFT_ACTIVE_COMPILATION_CONDITIONS = DEBUG;
				SWIFT_OPTIMIZATION_LEVEL = "-Onone";
			};
			name = Debug;
		};
		0B21FB9522B2963600AD2A74 /* Release */ = {
			isa = XCBuildConfiguration;
			buildSettings = {
				ALWAYS_SEARCH_USER_PATHS = NO;
				CLANG_ANALYZER_NONNULL = YES;
				CLANG_ANALYZER_NUMBER_OBJECT_CONVERSION = YES_AGGRESSIVE;
				CLANG_CXX_LANGUAGE_STANDARD = "gnu++14";
				CLANG_CXX_LIBRARY = "libc++";
				CLANG_ENABLE_MODULES = YES;
				CLANG_ENABLE_OBJC_ARC = YES;
				CLANG_ENABLE_OBJC_WEAK = YES;
				CLANG_WARN_BLOCK_CAPTURE_AUTORELEASING = YES;
				CLANG_WARN_BOOL_CONVERSION = YES;
				CLANG_WARN_COMMA = YES;
				CLANG_WARN_CONSTANT_CONVERSION = YES;
				CLANG_WARN_DEPRECATED_OBJC_IMPLEMENTATIONS = YES;
				CLANG_WARN_DIRECT_OBJC_ISA_USAGE = YES_ERROR;
				CLANG_WARN_DOCUMENTATION_COMMENTS = YES;
				CLANG_WARN_EMPTY_BODY = YES;
				CLANG_WARN_ENUM_CONVERSION = YES;
				CLANG_WARN_INFINITE_RECURSION = YES;
				CLANG_WARN_INT_CONVERSION = YES;
				CLANG_WARN_NON_LITERAL_NULL_CONVERSION = YES;
				CLANG_WARN_OBJC_IMPLICIT_RETAIN_SELF = YES;
				CLANG_WARN_OBJC_LITERAL_CONVERSION = YES;
				CLANG_WARN_OBJC_ROOT_CLASS = YES_ERROR;
				CLANG_WARN_RANGE_LOOP_ANALYSIS = YES;
				CLANG_WARN_STRICT_PROTOTYPES = YES;
				CLANG_WARN_SUSPICIOUS_MOVE = YES;
				CLANG_WARN_UNGUARDED_AVAILABILITY = YES_AGGRESSIVE;
				CLANG_WARN_UNREACHABLE_CODE = YES;
				CLANG_WARN__DUPLICATE_METHOD_MATCH = YES;
				CODE_SIGN_IDENTITY = "iPhone Developer";
				COPY_PHASE_STRIP = NO;
				DEBUG_INFORMATION_FORMAT = "dwarf-with-dsym";
				ENABLE_NS_ASSERTIONS = NO;
				ENABLE_STRICT_OBJC_MSGSEND = YES;
				GCC_C_LANGUAGE_STANDARD = gnu11;
				GCC_NO_COMMON_BLOCKS = YES;
				GCC_WARN_64_TO_32_BIT_CONVERSION = YES;
				GCC_WARN_ABOUT_RETURN_TYPE = YES_ERROR;
				GCC_WARN_UNDECLARED_SELECTOR = YES;
				GCC_WARN_UNINITIALIZED_AUTOS = YES_AGGRESSIVE;
				GCC_WARN_UNUSED_FUNCTION = YES;
				GCC_WARN_UNUSED_VARIABLE = YES;
				IPHONEOS_DEPLOYMENT_TARGET = 12.1;
				MTL_ENABLE_DEBUG_INFO = NO;
				MTL_FAST_MATH = YES;
				SDKROOT = iphoneos;
				SWIFT_COMPILATION_MODE = wholemodule;
				SWIFT_OPTIMIZATION_LEVEL = "-O";
				VALIDATE_PRODUCT = YES;
			};
			name = Release;
		};
		0B21FB9722B2963600AD2A74 /* Debug */ = {
			isa = XCBuildConfiguration;
			baseConfigurationReference = BEEE0E7E96960DC620AD7AA9 /* Pods-MakeUpFinder.debug.xcconfig */;
			buildSettings = {
				ASSETCATALOG_COMPILER_APPICON_NAME = AppIcon;
				CODE_SIGN_STYLE = Automatic;
				INFOPLIST_FILE = NykaCosmetics/Info.plist;
				LD_RUNPATH_SEARCH_PATHS = (
					"$(inherited)",
					"@executable_path/Frameworks",
				);
				PRODUCT_BUNDLE_IDENTIFIER = com.rupika.NykaCosmetics;
				PRODUCT_NAME = "$(TARGET_NAME)";
				SWIFT_VERSION = 4.2;
				TARGETED_DEVICE_FAMILY = "1,2";
			};
			name = Debug;
		};
		0B21FB9822B2963600AD2A74 /* Release */ = {
			isa = XCBuildConfiguration;
			baseConfigurationReference = 9921E684E6BF5A3402911751 /* Pods-MakeUpFinder.release.xcconfig */;
			buildSettings = {
				ASSETCATALOG_COMPILER_APPICON_NAME = AppIcon;
				CODE_SIGN_STYLE = Automatic;
				INFOPLIST_FILE = NykaCosmetics/Info.plist;
				LD_RUNPATH_SEARCH_PATHS = (
					"$(inherited)",
					"@executable_path/Frameworks",
				);
				PRODUCT_BUNDLE_IDENTIFIER = com.rupika.NykaCosmetics;
				PRODUCT_NAME = "$(TARGET_NAME)";
				SWIFT_VERSION = 4.2;
				TARGETED_DEVICE_FAMILY = "1,2";
			};
			name = Release;
		};
/* End XCBuildConfiguration section */

/* Begin XCConfigurationList section */
		0B21FB7C22B2963300AD2A74 /* Build configuration list for PBXProject "MakeUpFinder" */ = {
			isa = XCConfigurationList;
			buildConfigurations = (
				0B21FB9422B2963600AD2A74 /* Debug */,
				0B21FB9522B2963600AD2A74 /* Release */,
			);
			defaultConfigurationIsVisible = 0;
			defaultConfigurationName = Release;
		};
		0B21FB9622B2963600AD2A74 /* Build configuration list for PBXNativeTarget "MakeUpFinder" */ = {
			isa = XCConfigurationList;
			buildConfigurations = (
				0B21FB9722B2963600AD2A74 /* Debug */,
				0B21FB9822B2963600AD2A74 /* Release */,
			);
			defaultConfigurationIsVisible = 0;
			defaultConfigurationName = Release;
		};
/* End XCConfigurationList section */
	};
	rootObject = 0B21FB7922B2963300AD2A74 /* Project object */;
}
